
Microsoft Visual Studio Solution File, Format Version 12.00
# Visual Studio Version 16
VisualStudioVersion = 16.0.33130.400
MinimumVisualStudioVersion = 10.0.40219.1
Project("{FAE04EC0-301F-11D3-BF4B-00C04F79EFBC}") = "VuHoaiNam_oop", "VuHoaiNam_oop\VuHoaiNam_oop.csproj", "{777A7EAF-7FDC-40CD-8C78-CB60140EB1BB}"
EndProject
Global
	GlobalSection(SolutionConfigurationPlatforms) = preSolution
		Debug|Any CPU = Debug|Any CPU
		Release|Any CPU = Release|Any CPU
	EndGlobalSection
	GlobalSection(ProjectConfigurationPlatforms) = postSolution
		{777A7EAF-7FDC-40CD-8C78-CB60140EB1BB}.Debug|Any CPU.ActiveCfg = Debug|Any CPU
		{777A7EAF-7FDC-40CD-8C78-CB60140EB1BB}.Debug|Any CPU.Build.0 = Debug|Any CPU
		{777A7EAF-7FDC-40CD-8C78-CB60140EB1BB}.Release|Any CPU.ActiveCfg = Release|Any CPU
		{777A7EAF-7FDC-40CD-8C78-CB60140EB1BB}.Release|Any CPU.Build.0 = Release|Any CPU
	EndGlobalSection
	GlobalSection(SolutionProperties) = preSolution
		HideSolutionNode = FALSE
	EndGlobalSection
	GlobalSection(ExtensibilityGlobals) = postSolution
		SolutionGuid = {E1116274-EF1D-48A5-A7FB-2C0A4CEB46FA}
	EndGlobalSection
EndGlobal
